
Microsoft Visual Studio Solution File, Format Version 12.00
# Visual Studio Version 16
VisualStudioVersion = 16.0.29418.71
MinimumVisualStudioVersion = 10.0.40219.1
Project("{FAE04EC0-301F-11D3-BF4B-00C04F79EFBC}") = "decision-making", "decision-making\decision-making.csproj", "{7C903920-8170-4A93-9B46-F48DF7CCAE0E}"
EndProject
Global
	GlobalSection(SolutionConfigurationPlatforms) = preSolution
		Debug|Any CPU = Debug|Any CPU
		Release|Any CPU = Release|Any CPU
	EndGlobalSection
	GlobalSection(ProjectConfigurationPlatforms) = postSolution
		{7C903920-8170-4A93-9B46-F48DF7CCAE0E}.Debug|Any CPU.ActiveCfg = Debug|Any CPU
		{7C903920-8170-4A93-9B46-F48DF7CCAE0E}.Debug|Any CPU.Build.0 = Debug|Any CPU
		{7C903920-8170-4A93-9B46-F48DF7CCAE0E}.Release|Any CPU.ActiveCfg = Release|Any CPU
		{7C903920-8170-4A93-9B46-F48DF7CCAE0E}.Release|Any CPU.Build.0 = Release|Any CPU
	EndGlobalSection
	GlobalSection(SolutionProperties) = preSolution
		HideSolutionNode = FALSE
	EndGlobalSection
	GlobalSection(ExtensibilityGlobals) = postSolution
		SolutionGuid = {47C44671-89EF-4B32-8828-78B81406DF20}
	EndGlobalSection
EndGlobal
